
Microsoft Visual Studio Solution File, Format Version 12.00
# Visual Studio Version 16
VisualStudioVersion = 16.0.30114.105
MinimumVisualStudioVersion = 10.0.40219.1
Project("{FAE04EC0-301F-11D3-BF4B-00C04F79EFBC}") = "aspnetapp", "aspnetapp\aspnetapp.csproj", "{A72F8E9E-8AFD-40D2-B459-02DD2CFF85E9}"
EndProject
Project("{2150E333-8FDC-42A3-9474-1A3956D46DE8}") = "SolutionFolder", "SolutionFolder", "{C5D9A026-D1C0-48FA-966A-029E4118C324}"
	ProjectSection(SolutionItems) = preProject
		Read.MD = Read.MD
		Dockerfile = Dockerfile
		DockerfileLinux-musl-x64 = DockerfileLinux-musl-x64
	EndProjectSection
EndProject
Global
	GlobalSection(SolutionConfigurationPlatforms) = preSolution
		Debug|Any CPU = Debug|Any CPU
		Release|Any CPU = Release|Any CPU
	EndGlobalSection
	GlobalSection(SolutionProperties) = preSolution
		HideSolutionNode = FALSE
	EndGlobalSection
	GlobalSection(ProjectConfigurationPlatforms) = postSolution
		{A72F8E9E-8AFD-40D2-B459-02DD2CFF85E9}.Debug|Any CPU.ActiveCfg = Debug|Any CPU
		{A72F8E9E-8AFD-40D2-B459-02DD2CFF85E9}.Debug|Any CPU.Build.0 = Debug|Any CPU
		{A72F8E9E-8AFD-40D2-B459-02DD2CFF85E9}.Release|Any CPU.ActiveCfg = Release|Any CPU
		{A72F8E9E-8AFD-40D2-B459-02DD2CFF85E9}.Release|Any CPU.Build.0 = Release|Any CPU
	EndGlobalSection
EndGlobal
